
Microsoft Visual Studio Solution File, Format Version 12.00
# Visual Studio Version 17
VisualStudioVersion = 17.7.34031.279
MinimumVisualStudioVersion = 10.0.40219.1
Project("{FAE04EC0-301F-11D3-BF4B-00C04F79EFBC}") = "Servidor1.1", "Servidor1.1\Servidor1.1.csproj", "{01487BA4-CDDB-484C-9A86-90776C6DEF8D}"
EndProject
Global
	GlobalSection(SolutionConfigurationPlatforms) = preSolution
		Debug|Any CPU = Debug|Any CPU
		Release|Any CPU = Release|Any CPU
	EndGlobalSection
	GlobalSection(ProjectConfigurationPlatforms) = postSolution
		{01487BA4-CDDB-484C-9A86-90776C6DEF8D}.Debug|Any CPU.ActiveCfg = Debug|Any CPU
		{01487BA4-CDDB-484C-9A86-90776C6DEF8D}.Debug|Any CPU.Build.0 = Debug|Any CPU
		{01487BA4-CDDB-484C-9A86-90776C6DEF8D}.Release|Any CPU.ActiveCfg = Release|Any CPU
		{01487BA4-CDDB-484C-9A86-90776C6DEF8D}.Release|Any CPU.Build.0 = Release|Any CPU
	EndGlobalSection
	GlobalSection(SolutionProperties) = preSolution
		HideSolutionNode = FALSE
	EndGlobalSection
	GlobalSection(ExtensibilityGlobals) = postSolution
		SolutionGuid = {2C509C57-5396-4624-AF53-3ACDFCEC0193}
	EndGlobalSection
EndGlobal
